
Microsoft Visual Studio Solution File, Format Version 12.00
# Visual Studio Version 16
VisualStudioVersion = 16.0.30413.136
MinimumVisualStudioVersion = 10.0.40219.1
Project("{FAE04EC0-301F-11D3-BF4B-00C04F79EFBC}") = "customTap.Android", "customTap\customTap.Android\customTap.Android.csproj", "{A112F29D-E2F6-41DE-8887-0664B4B8419A}"
EndProject
Project("{FAE04EC0-301F-11D3-BF4B-00C04F79EFBC}") = "customTap.iOS", "customTap\customTap.iOS\customTap.iOS.csproj", "{DF77764F-B072-4114-8452-A955ABBD4462}"
EndProject
Project("{FAE04EC0-301F-11D3-BF4B-00C04F79EFBC}") = "customTap", "customTap\customTap\customTap.csproj", "{0574B4E6-47EF-4A8F-B094-042CA466B554}"
EndProject
Global
	GlobalSection(SolutionConfigurationPlatforms) = preSolution
		Debug|Any CPU = Debug|Any CPU
		Debug|iPhone = Debug|iPhone
		Debug|iPhoneSimulator = Debug|iPhoneSimulator
		Release|Any CPU = Release|Any CPU
		Release|iPhone = Release|iPhone
		Release|iPhoneSimulator = Release|iPhoneSimulator
	EndGlobalSection
	GlobalSection(ProjectConfigurationPlatforms) = postSolution
		{A112F29D-E2F6-41DE-8887-0664B4B8419A}.Debug|Any CPU.ActiveCfg = Debug|Any CPU
		{A112F29D-E2F6-41DE-8887-0664B4B8419A}.Debug|Any CPU.Build.0 = Debug|Any CPU
		{A112F29D-E2F6-41DE-8887-0664B4B8419A}.Debug|Any CPU.Deploy.0 = Debug|Any CPU
		{A112F29D-E2F6-41DE-8887-0664B4B8419A}.Debug|iPhone.ActiveCfg = Debug|Any CPU
		{A112F29D-E2F6-41DE-8887-0664B4B8419A}.Debug|iPhone.Build.0 = Debug|Any CPU
		{A112F29D-E2F6-41DE-8887-0664B4B8419A}.Debug|iPhone.Deploy.0 = Debug|Any CPU
		{A112F29D-E2F6-41DE-8887-0664B4B8419A}.Debug|iPhoneSimulator.ActiveCfg = Debug|Any CPU
		{A112F29D-E2F6-41DE-8887-0664B4B8419A}.Debug|iPhoneSimulator.Build.0 = Debug|Any CPU
		{A112F29D-E2F6-41DE-8887-0664B4B8419A}.Debug|iPhoneSimulator.Deploy.0 = Debug|Any CPU
		{A112F29D-E2F6-41DE-8887-0664B4B8419A}.Release|Any CPU.ActiveCfg = Release|Any CPU
		{A112F29D-E2F6-41DE-8887-0664B4B8419A}.Release|Any CPU.Build.0 = Release|Any CPU
		{A112F29D-E2F6-41DE-8887-0664B4B8419A}.Release|Any CPU.Deploy.0 = Release|Any CPU
		{A112F29D-E2F6-41DE-8887-0664B4B8419A}.Release|iPhone.ActiveCfg = Release|Any CPU
		{A112F29D-E2F6-41DE-8887-0664B4B8419A}.Release|iPhone.Build.0 = Release|Any CPU
		{A112F29D-E2F6-41DE-8887-0664B4B8419A}.Release|iPhone.Deploy.0 = Release|Any CPU
		{A112F29D-E2F6-41DE-8887-0664B4B8419A}.Release|iPhoneSimulator.ActiveCfg = Release|Any CPU
		{A112F29D-E2F6-41DE-8887-0664B4B8419A}.Release|iPhoneSimulator.Build.0 = Release|Any CPU
		{A112F29D-E2F6-41DE-8887-0664B4B8419A}.Release|iPhoneSimulator.Deploy.0 = Release|Any CPU
		{DF77764F-B072-4114-8452-A955ABBD4462}.Debug|Any CPU.ActiveCfg = Debug|iPhone
		{DF77764F-B072-4114-8452-A955ABBD4462}.Debug|Any CPU.Build.0 = Debug|iPhone
		{DF77764F-B072-4114-8452-A955ABBD4462}.Debug|Any CPU.Deploy.0 = Debug|iPhone
		{DF77764F-B072-4114-8452-A955ABBD4462}.Debug|iPhone.ActiveCfg = Debug|iPhone
		{DF77764F-B072-4114-8452-A955ABBD4462}.Debug|iPhone.Build.0 = Debug|iPhone
		{DF77764F-B072-4114-8452-A955ABBD4462}.Debug|iPhone.Deploy.0 = Debug|iPhone
		{DF77764F-B072-4114-8452-A955ABBD4462}.Debug|iPhoneSimulator.ActiveCfg = Debug|iPhoneSimulator
		{DF77764F-B072-4114-8452-A955ABBD4462}.Debug|iPhoneSimulator.Build.0 = Debug|iPhoneSimulator
		{DF77764F-B072-4114-8452-A955ABBD4462}.Debug|iPhoneSimulator.Deploy.0 = Debug|iPhoneSimulator
		{DF77764F-B072-4114-8452-A955ABBD4462}.Release|Any CPU.ActiveCfg = Release|iPhone
		{DF77764F-B072-4114-8452-A955ABBD4462}.Release|Any CPU.Build.0 = Release|iPhone
		{DF77764F-B072-4114-8452-A955ABBD4462}.Release|Any CPU.Deploy.0 = Release|iPhone
		{DF77764F-B072-4114-8452-A955ABBD4462}.Release|iPhone.ActiveCfg = Release|iPhone
		{DF77764F-B072-4114-8452-A955ABBD4462}.Release|iPhone.Build.0 = Release|iPhone
		{DF77764F-B072-4114-8452-A955ABBD4462}.Release|iPhone.Deploy.0 = Release|iPhone
		{DF77764F-B072-4114-8452-A955ABBD4462}.Release|iPhoneSimulator.ActiveCfg = Release|iPhoneSimulator
		{DF77764F-B072-4114-8452-A955ABBD4462}.Release|iPhoneSimulator.Build.0 = Release|iPhoneSimulator
		{DF77764F-B072-4114-8452-A955ABBD4462}.Release|iPhoneSimulator.Deploy.0 = Release|iPhoneSimulator
		{0574B4E6-47EF-4A8F-B094-042CA466B554}.Debug|Any CPU.ActiveCfg = Debug|Any CPU
		{0574B4E6-47EF-4A8F-B094-042CA466B554}.Debug|Any CPU.Build.0 = Debug|Any CPU
		{0574B4E6-47EF-4A8F-B094-042CA466B554}.Debug|Any CPU.Deploy.0 = Debug|Any CPU
		{0574B4E6-47EF-4A8F-B094-042CA466B554}.Debug|iPhone.ActiveCfg = Debug|Any CPU
		{0574B4E6-47EF-4A8F-B094-042CA466B554}.Debug|iPhone.Build.0 = Debug|Any CPU
		{0574B4E6-47EF-4A8F-B094-042CA466B554}.Debug|iPhone.Deploy.0 = Debug|Any CPU
		{0574B4E6-47EF-4A8F-B094-042CA466B554}.Debug|iPhoneSimulator.ActiveCfg = Debug|Any CPU
		{0574B4E6-47EF-4A8F-B094-042CA466B554}.Debug|iPhoneSimulator.Build.0 = Debug|Any CPU
		{0574B4E6-47EF-4A8F-B094-042CA466B554}.Debug|iPhoneSimulator.Deploy.0 = Debug|Any CPU
		{0574B4E6-47EF-4A8F-B094-042CA466B554}.Release|Any CPU.ActiveCfg = Release|Any CPU
		{0574B4E6-47EF-4A8F-B094-042CA466B554}.Release|Any CPU.Build.0 = Release|Any CPU
		{0574B4E6-47EF-4A8F-B094-042CA466B554}.Release|Any CPU.Deploy.0 = Release|Any CPU
		{0574B4E6-47EF-4A8F-B094-042CA466B554}.Release|iPhone.ActiveCfg = Release|Any CPU
		{0574B4E6-47EF-4A8F-B094-042CA466B554}.Release|iPhone.Build.0 = Release|Any CPU
		{0574B4E6-47EF-4A8F-B094-042CA466B554}.Release|iPhone.Deploy.0 = Release|Any CPU
		{0574B4E6-47EF-4A8F-B094-042CA466B554}.Release|iPhoneSimulator.ActiveCfg = Release|Any CPU
		{0574B4E6-47EF-4A8F-B094-042CA466B554}.Release|iPhoneSimulator.Build.0 = Release|Any CPU
		{0574B4E6-47EF-4A8F-B094-042CA466B554}.Release|iPhoneSimulator.Deploy.0 = Release|Any CPU
	EndGlobalSection
	GlobalSection(SolutionProperties) = preSolution
		HideSolutionNode = FALSE
	EndGlobalSection
	GlobalSection(ExtensibilityGlobals) = postSolution
		SolutionGuid = {65B2F287-3B72-4DEB-84CF-E986751B3E7F}
	EndGlobalSection
EndGlobal
